
Microsoft Visual Studio Solution File, Format Version 12.00
# Visual Studio 14
VisualStudioVersion = 14.0.25420.1
MinimumVisualStudioVersion = 10.0.40219.1
Project("{FAE04EC0-301F-11D3-BF4B-00C04F79EFBC}") = "MassAnalyzer.DataByteStream", "MassAnalyzer.DataByteStream\MassAnalyzer.DataByteStream.csproj", "{744E5C4E-7802-40E9-8937-489C92990A7E}"
EndProject
Project("{FAE04EC0-301F-11D3-BF4B-00C04F79EFBC}") = "MainUI", "MainUI\MainUI.csproj", "{BABC8EF0-AC49-46F5-BF34-1DF200F1468E}"
EndProject
Global
	GlobalSection(SolutionConfigurationPlatforms) = preSolution
		Debug|Any CPU = Debug|Any CPU
		Release|Any CPU = Release|Any CPU
	EndGlobalSection
	GlobalSection(ProjectConfigurationPlatforms) = postSolution
		{744E5C4E-7802-40E9-8937-489C92990A7E}.Debug|Any CPU.ActiveCfg = Debug|Any CPU
		{744E5C4E-7802-40E9-8937-489C92990A7E}.Debug|Any CPU.Build.0 = Debug|Any CPU
		{744E5C4E-7802-40E9-8937-489C92990A7E}.Release|Any CPU.ActiveCfg = Release|Any CPU
		{744E5C4E-7802-40E9-8937-489C92990A7E}.Release|Any CPU.Build.0 = Release|Any CPU
		{BABC8EF0-AC49-46F5-BF34-1DF200F1468E}.Debug|Any CPU.ActiveCfg = Debug|Any CPU
		{BABC8EF0-AC49-46F5-BF34-1DF200F1468E}.Debug|Any CPU.Build.0 = Debug|Any CPU
		{BABC8EF0-AC49-46F5-BF34-1DF200F1468E}.Release|Any CPU.ActiveCfg = Release|Any CPU
		{BABC8EF0-AC49-46F5-BF34-1DF200F1468E}.Release|Any CPU.Build.0 = Release|Any CPU
	EndGlobalSection
	GlobalSection(SolutionProperties) = preSolution
		HideSolutionNode = FALSE
	EndGlobalSection
EndGlobal
